// !$*UTF8*$!
{
	archiveVersion = 1;
	classes = {
	};
	objectVersion = 51;
	objects = {

/* Begin PBXBuildFile section */
		2CDF2FAF26CAA74600B4291C /* AppDelegate.swift in Sources */ = {isa = PBXBuildFile; fileRef = 2CDF2FAE26CAA74600B4291C /* AppDelegate.swift */; };
		2CDF2FB126CAA74600B4291C /* SceneDelegate.swift in Sources */ = {isa = PBXBuildFile; fileRef = 2CDF2FB026CAA74600B4291C /* SceneDelegate.swift */; };
		2CDF2FB326CAA74600B4291C /* ViewController.swift in Sources */ = {isa = PBXBuildFile; fileRef = 2CDF2FB226CAA74600B4291C /* ViewController.swift */; };
		2CDF2FB626CAA74600B4291C /* Main.storyboard in Resources */ = {isa = PBXBuildFile; fileRef = 2CDF2FB426CAA74600B4291C /* Main.storyboard */; };
		2CDF2FB826CAA74900B4291C /* Assets.xcassets in Resources */ = {isa = PBXBuildFile; fileRef = 2CDF2FB726CAA74900B4291C /* Assets.xcassets */; };
		2CDF2FBB26CAA74900B4291C /* LaunchScreen.storyboard in Resources */ = {isa = PBXBuildFile; fileRef = 2CDF2FB926CAA74900B4291C /* LaunchScreen.storyboard */; };
		2CDF2FC626CAA74A00B4291C /* Firebase_countTests.swift in Sources */ = {isa = PBXBuildFile; fileRef = 2CDF2FC526CAA74A00B4291C /* Firebase_countTests.swift */; };
		2CDF2FD126CAA74A00B4291C /* Firebase_countUITests.swift in Sources */ = {isa = PBXBuildFile; fileRef = 2CDF2FD026CAA74A00B4291C /* Firebase_countUITests.swift */; };
		2CDF2FDF26CAA7EE00B4291C /* GoogleService-Info.plist in Resources */ = {isa = PBXBuildFile; fileRef = 2CDF2FDE26CAA7EE00B4291C /* GoogleService-Info.plist */; };
		348B6E894BC31CDE7E1B944A /* Pods_Firebase_count.framework in Frameworks */ = {isa = PBXBuildFile; fileRef = 05FB96898A893EF2492524CA /* Pods_Firebase_count.framework */; };
		560377938F731144ECB3A5BC /* Pods_Firebase_count_Firebase_countUITests.framework in Frameworks */ = {isa = PBXBuildFile; fileRef = 82F93646C8083680B87264EC /* Pods_Firebase_count_Firebase_countUITests.framework */; };
		A6DE83B08EA5ED4FDA2F2798 /* Pods_Firebase_countTests.framework in Frameworks */ = {isa = PBXBuildFile; fileRef = 05452E2D55EAD4AEA60014DE /* Pods_Firebase_countTests.framework */; };
/* End PBXBuildFile section */

/* Begin PBXContainerItemProxy section */
		2CDF2FC226CAA74A00B4291C /* PBXContainerItemProxy */ = {
			isa = PBXContainerItemProxy;
			containerPortal = 2CDF2FA326CAA74600B4291C /* Project object */;
			proxyType = 1;
			remoteGlobalIDString = 2CDF2FAA26CAA74600B4291C;
			remoteInfo = "Firebase-count";
		};
		2CDF2FCD26CAA74A00B4291C /* PBXContainerItemProxy */ = {
			isa = PBXContainerItemProxy;
			containerPortal = 2CDF2FA326CAA74600B4291C /* Project object */;
			proxyType = 1;
			remoteGlobalIDString = 2CDF2FAA26CAA74600B4291C;
			remoteInfo = "Firebase-count";
		};
/* End PBXContainerItemProxy section */

/* Begin PBXFileReference section */
		05452E2D55EAD4AEA60014DE /* Pods_Firebase_countTests.framework */ = {isa = PBXFileReference; explicitFileType = wrapper.framework; includeInIndex = 0; path = Pods_Firebase_countTests.framework; sourceTree = BUILT_PRODUCTS_DIR; };
		05FB96898A893EF2492524CA /* Pods_Firebase_count.framework */ = {isa = PBXFileReference; explicitFileType = wrapper.framework; includeInIndex = 0; path = Pods_Firebase_count.framework; sourceTree = BUILT_PRODUCTS_DIR; };
		2CDF2FAB26CAA74600B4291C /* Firebase-count.app */ = {isa = PBXFileReference; explicitFileType = wrapper.application; includeInIndex = 0; path = "Firebase-count.app"; sourceTree = BUILT_PRODUCTS_DIR; };
		2CDF2FAE26CAA74600B4291C /* AppDelegate.swift */ = {isa = PBXFileReference; lastKnownFileType = sourcecode.swift; path = AppDelegate.swift; sourceTree = "<group>"; };
		2CDF2FB026CAA74600B4291C /* SceneDelegate.swift */ = {isa = PBXFileReference; lastKnownFileType = sourcecode.swift; path = SceneDelegate.swift; sourceTree = "<group>"; };
		2CDF2FB226CAA74600B4291C /* ViewController.swift */ = {isa = PBXFileReference; lastKnownFileType = sourcecode.swift; path = ViewController.swift; sourceTree = "<group>"; };
		2CDF2FB526CAA74600B4291C /* Base */ = {isa = PBXFileReference; lastKnownFileType = file.storyboard; name = Base; path = Base.lproj/Main.storyboard; sourceTree = "<group>"; };
		2CDF2FB726CAA74900B4291C /* Assets.xcassets */ = {isa = PBXFileReference; lastKnownFileType = folder.assetcatalog; path = Assets.xcassets; sourceTree = "<group>"; };
		2CDF2FBA26CAA74900B4291C /* Base */ = {isa = PBXFileReference; lastKnownFileType = file.storyboard; name = Base; path = Base.lproj/LaunchScreen.storyboard; sourceTree = "<group>"; };
		2CDF2FBC26CAA74900B4291C /* Info.plist */ = {isa = PBXFileReference; lastKnownFileType = text.plist.xml; path = Info.plist; sourceTree = "<group>"; };
		2CDF2FC126CAA74A00B4291C /* Firebase-countTests.xctest */ = {isa = PBXFileReference; explicitFileType = wrapper.cfbundle; includeInIndex = 0; path = "Firebase-countTests.xctest"; sourceTree = BUILT_PRODUCTS_DIR; };
		2CDF2FC526CAA74A00B4291C /* Firebase_countTests.swift */ = {isa = PBXFileReference; lastKnownFileType = sourcecode.swift; path = Firebase_countTests.swift; sourceTree = "<group>"; };
		2CDF2FC726CAA74A00B4291C /* Info.plist */ = {isa = PBXFileReference; lastKnownFileType = text.plist.xml; path = Info.plist; sourceTree = "<group>"; };
		2CDF2FCC26CAA74A00B4291C /* Firebase-countUITests.xctest */ = {isa = PBXFileReference; explicitFileType = wrapper.cfbundle; includeInIndex = 0; path = "Firebase-countUITests.xctest"; sourceTree = BUILT_PRODUCTS_DIR; };
		2CDF2FD026CAA74A00B4291C /* Firebase_countUITests.swift */ = {isa = PBXFileReference; lastKnownFileType = sourcecode.swift; path = Firebase_countUITests.swift; sourceTree = "<group>"; };
		2CDF2FD226CAA74A00B4291C /* Info.plist */ = {isa = PBXFileReference; lastKnownFileType = text.plist.xml; path = Info.plist; sourceTree = "<group>"; };
		2CDF2FDE26CAA7EE00B4291C /* GoogleService-Info.plist */ = {isa = PBXFileReference; fileEncoding = 4; lastKnownFileType = text.plist.xml; path = "GoogleService-Info.plist"; sourceTree = "<group>"; };
		3D66D752BA6D0E0C67B9408E /* Pods-Firebase-count-Firebase-countUITests.release.xcconfig */ = {isa = PBXFileReference; includeInIndex = 1; lastKnownFileType = text.xcconfig; name = "Pods-Firebase-count-Firebase-countUITests.release.xcconfig"; path = "Target Support Files/Pods-Firebase-count-Firebase-countUITests/Pods-Firebase-count-Firebase-countUITests.release.xcconfig"; sourceTree = "<group>"; };
		5DF208CD2854352A648A0AF0 /* Pods-Firebase-countTests.release.xcconfig */ = {isa = PBXFileReference; includeInIndex = 1; lastKnownFileType = text.xcconfig; name = "Pods-Firebase-countTests.release.xcconfig"; path = "Target Support Files/Pods-Firebase-countTests/Pods-Firebase-countTests.release.xcconfig"; sourceTree = "<group>"; };
		80020F62B9F8464777745BD4 /* Pods-Firebase-count.debug.xcconfig */ = {isa = PBXFileReference; includeInIndex = 1; lastKnownFileType = text.xcconfig; name = "Pods-Firebase-count.debug.xcconfig"; path = "Target Support Files/Pods-Firebase-count/Pods-Firebase-count.debug.xcconfig"; sourceTree = "<group>"; };
		8039819238FAE464A6BBB1E6 /* Pods-Firebase-countTests.debug.xcconfig */ = {isa = PBXFileReference; includeInIndex = 1; lastKnownFileType = text.xcconfig; name = "Pods-Firebase-countTests.debug.xcconfig"; path = "Target Support Files/Pods-Firebase-countTests/Pods-Firebase-countTests.debug.xcconfig"; sourceTree = "<group>"; };
		826B1EB2510FB6D1B4ECF9BE /* Pods-Firebase-count.release.xcconfig */ = {isa = PBXFileReference; includeInIndex = 1; lastKnownFileType = text.xcconfig; name = "Pods-Firebase-count.release.xcconfig"; path = "Target Support Files/Pods-Firebase-count/Pods-Firebase-count.release.xcconfig"; sourceTree = "<group>"; };
		82F93646C8083680B87264EC /* Pods_Firebase_count_Firebase_countUITests.framework */ = {isa = PBXFileReference; explicitFileType = wrapper.framework; includeInIndex = 0; path = Pods_Firebase_count_Firebase_countUITests.framework; sourceTree = BUILT_PRODUCTS_DIR; };
		98B09A9D9E0D5B68CF024DB4 /* Pods-Firebase-count-Firebase-countUITests.debug.xcconfig */ = {isa = PBXFileReference; includeInIndex = 1; lastKnownFileType = text.xcconfig; name = "Pods-Firebase-count-Firebase-countUITests.debug.xcconfig"; path = "Target Support Files/Pods-Firebase-count-Firebase-countUITests/Pods-Firebase-count-Firebase-countUITests.debug.xcconfig"; sourceTree = "<group>"; };
/* End PBXFileReference section */

/* Begin PBXFrameworksBuildPhase section */
		2CDF2FA826CAA74600B4291C /* Frameworks */ = {
			isa = PBXFrameworksBuildPhase;
			buildActionMask = 2147483647;
			files = (
				348B6E894BC31CDE7E1B944A /* Pods_Firebase_count.framework in Frameworks */,
			);
			runOnlyForDeploymentPostprocessing = 0;
		};
		2CDF2FBE26CAA74A00B4291C /* Frameworks */ = {
			isa = PBXFrameworksBuildPhase;
			buildActionMask = 2147483647;
			files = (
				A6DE83B08EA5ED4FDA2F2798 /* Pods_Firebase_countTests.framework in Frameworks */,
			);
			runOnlyForDeploymentPostprocessing = 0;
		};
		2CDF2FC926CAA74A00B4291C /* Frameworks */ = {
			isa = PBXFrameworksBuildPhase;
			buildActionMask = 2147483647;
			files = (
				560377938F731144ECB3A5BC /* Pods_Firebase_count_Firebase_countUITests.framework in Frameworks */,
			);
			runOnlyForDeploymentPostprocessing = 0;
		};
/* End PBXFrameworksBuildPhase section */

/* Begin PBXGroup section */
		2CDF2FA226CAA74600B4291C = {
			isa = PBXGroup;
			children = (
				2CDF2FAD26CAA74600B4291C /* Firebase-count */,
				2CDF2FC426CAA74A00B4291C /* Firebase-countTests */,
				2CDF2FCF26CAA74A00B4291C /* Firebase-countUITests */,
				2CDF2FAC26CAA74600B4291C /* Products */,
				E5584C012448E71F081F91C9 /* Pods */,
				C04D99E5D891FE75EF06558F /* Frameworks */,
			);
			sourceTree = "<group>";
		};
		2CDF2FAC26CAA74600B4291C /* Products */ = {
			isa = PBXGroup;
			children = (
				2CDF2FAB26CAA74600B4291C /* Firebase-count.app */,
				2CDF2FC126CAA74A00B4291C /* Firebase-countTests.xctest */,
				2CDF2FCC26CAA74A00B4291C /* Firebase-countUITests.xctest */,
			);
			name = Products;
			sourceTree = "<group>";
		};
		2CDF2FAD26CAA74600B4291C /* Firebase-count */ = {
			isa = PBXGroup;
			children = (
				2CDF2FAE26CAA74600B4291C /* AppDelegate.swift */,
				2CDF2FB026CAA74600B4291C /* SceneDelegate.swift */,
				2CDF2FB226CAA74600B4291C /* ViewController.swift */,
				2CDF2FB426CAA74600B4291C /* Main.storyboard */,
				2CDF2FB726CAA74900B4291C /* Assets.xcassets */,
				2CDF2FB926CAA74900B4291C /* LaunchScreen.storyboard */,
				2CDF2FBC26CAA74900B4291C /* Info.plist */,
				2CDF2FDE26CAA7EE00B4291C /* GoogleService-Info.plist */,
			);
			path = "Firebase-count";
			sourceTree = "<group>";
		};
		2CDF2FC426CAA74A00B4291C /* Firebase-countTests */ = {
			isa = PBXGroup;
			children = (
				2CDF2FC526CAA74A00B4291C /* Firebase_countTests.swift */,
				2CDF2FC726CAA74A00B4291C /* Info.plist */,
			);
			path = "Firebase-countTests";
			sourceTree = "<group>";
		};
		2CDF2FCF26CAA74A00B4291C /* Firebase-countUITests */ = {
			isa = PBXGroup;
			children = (
				2CDF2FD026CAA74A00B4291C /* Firebase_countUITests.swift */,
				2CDF2FD226CAA74A00B4291C /* Info.plist */,
			);
			path = "Firebase-countUITests";
			sourceTree = "<group>";
		};
		C04D99E5D891FE75EF06558F /* Frameworks */ = {
			isa = PBXGroup;
			children = (
				05FB96898A893EF2492524CA /* Pods_Firebase_count.framework */,
				82F93646C8083680B87264EC /* Pods_Firebase_count_Firebase_countUITests.framework */,
				05452E2D55EAD4AEA60014DE /* Pods_Firebase_countTests.framework */,
			);
			name = Frameworks;
			sourceTree = "<group>";
		};
		E5584C012448E71F081F91C9 /* Pods */ = {
			isa = PBXGroup;
			children = (
				80020F62B9F8464777745BD4 /* Pods-Firebase-count.debug.xcconfig */,
				826B1EB2510FB6D1B4ECF9BE /* Pods-Firebase-count.release.xcconfig */,
				98B09A9D9E0D5B68CF024DB4 /* Pods-Firebase-count-Firebase-countUITests.debug.xcconfig */,
				3D66D752BA6D0E0C67B9408E /* Pods-Firebase-count-Firebase-countUITests.release.xcconfig */,
				8039819238FAE464A6BBB1E6 /* Pods-Firebase-countTests.debug.xcconfig */,
				5DF208CD2854352A648A0AF0 /* Pods-Firebase-countTests.release.xcconfig */,
			);
			path = Pods;
			sourceTree = "<group>";
		};
/* End PBXGroup section */

/* Begin PBXNativeTarget section */
		2CDF2FAA26CAA74600B4291C /* Firebase-count */ = {
			isa = PBXNativeTarget;
			buildConfigurationList = 2CDF2FD526CAA74A00B4291C /* Build configuration list for PBXNativeTarget "Firebase-count" */;
			buildPhases = (
				30B8802C9AB797C241441191 /* [CP] Check Pods Manifest.lock */,
				2CDF2FA726CAA74600B4291C /* Sources */,
				2CDF2FA826CAA74600B4291C /* Frameworks */,
				2CDF2FA926CAA74600B4291C /* Resources */,
				3E47E3AE66CB070DEB0D13F4 /* [CP] Embed Pods Frameworks */,
			);
			buildRules = (
			);
			dependencies = (
			);
			name = "Firebase-count";
			productName = "Firebase-count";
			productReference = 2CDF2FAB26CAA74600B4291C /* Firebase-count.app */;
			productType = "com.apple.product-type.application";
		};
		2CDF2FC026CAA74A00B4291C /* Firebase-countTests */ = {
			isa = PBXNativeTarget;
			buildConfigurationList = 2CDF2FD826CAA74A00B4291C /* Build configuration list for PBXNativeTarget "Firebase-countTests" */;
			buildPhases = (
				D086B424F1CA76E472616C28 /* [CP] Check Pods Manifest.lock */,
				2CDF2FBD26CAA74A00B4291C /* Sources */,
				2CDF2FBE26CAA74A00B4291C /* Frameworks */,
				2CDF2FBF26CAA74A00B4291C /* Resources */,
			);
			buildRules = (
			);
			dependencies = (
				2CDF2FC326CAA74A00B4291C /* PBXTargetDependency */,
			);
			name = "Firebase-countTests";
			productName = "Firebase-countTests";
			productReference = 2CDF2FC126CAA74A00B4291C /* Firebase-countTests.xctest */;
			productType = "com.apple.product-type.bundle.unit-test";
		};
		2CDF2FCB26CAA74A00B4291C /* Firebase-countUITests */ = {
			isa = PBXNativeTarget;
			buildConfigurationList = 2CDF2FDB26CAA74A00B4291C /* Build configuration list for PBXNativeTarget "Firebase-countUITests" */;
			buildPhases = (
				5A729A929B8FB6C8273F74B1 /* [CP] Check Pods Manifest.lock */,
				2CDF2FC826CAA74A00B4291C /* Sources */,
				2CDF2FC926CAA74A00B4291C /* Frameworks */,
				2CDF2FCA26CAA74A00B4291C /* Resources */,
				0083B1EEFF2B220FDB7A6E3E /* [CP] Embed Pods Frameworks */,
			);
			buildRules = (
			);
			dependencies = (
				2CDF2FCE26CAA74A00B4291C /* PBXTargetDependency */,
			);
			name = "Firebase-countUITests";
			productName = "Firebase-countUITests";
			productReference = 2CDF2FCC26CAA74A00B4291C /* Firebase-countUITests.xctest */;
			productType = "com.apple.product-type.bundle.ui-testing";
		};
/* End PBXNativeTarget section */

/* Begin PBXProject section */
		2CDF2FA326CAA74600B4291C /* Project object */ = {
			isa = PBXProject;
			attributes = {
				LastSwiftUpdateCheck = 1250;
				LastUpgradeCheck = 1250;
				TargetAttributes = {
					2CDF2FAA26CAA74600B4291C = {
						CreatedOnToolsVersion = 12.5;
					};
					2CDF2FC026CAA74A00B4291C = {
						CreatedOnToolsVersion = 12.5;
						TestTargetID = 2CDF2FAA26CAA74600B4291C;
					};
					2CDF2FCB26CAA74A00B4291C = {
						CreatedOnToolsVersion = 12.5;
						TestTargetID = 2CDF2FAA26CAA74600B4291C;
					};
				};
			};
			buildConfigurationList = 2CDF2FA626CAA74600B4291C /* Build configuration list for PBXProject "Firebase-count" */;
			compatibilityVersion = "Xcode 9.3";
			developmentRegion = en;
			hasScannedForEncodings = 0;
			knownRegions = (
				en,
				Base,
			);
			mainGroup = 2CDF2FA226CAA74600B4291C;
			productRefGroup = 2CDF2FAC26CAA74600B4291C /* Products */;
			projectDirPath = "";
			projectRoot = "";
			targets = (
				2CDF2FAA26CAA74600B4291C /* Firebase-count */,
				2CDF2FC026CAA74A00B4291C /* Firebase-countTests */,
				2CDF2FCB26CAA74A00B4291C /* Firebase-countUITests */,
			);
		};
/* End PBXProject section */

/* Begin PBXResourcesBuildPhase section */
		2CDF2FA926CAA74600B4291C /* Resources */ = {
			isa = PBXResourcesBuildPhase;
			buildActionMask = 2147483647;
			files = (
				2CDF2FBB26CAA74900B4291C /* LaunchScreen.storyboard in Resources */,
				2CDF2FDF26CAA7EE00B4291C /* GoogleService-Info.plist in Resources */,
				2CDF2FB826CAA74900B4291C /* Assets.xcassets in Resources */,
				2CDF2FB626CAA74600B4291C /* Main.storyboard in Resources */,
			);
			runOnlyForDeploymentPostprocessing = 0;
		};
		2CDF2FBF26CAA74A00B4291C /* Resources */ = {
			isa = PBXResourcesBuildPhase;
			buildActionMask = 2147483647;
			files = (
			);
			runOnlyForDeploymentPostprocessing = 0;
		};
		2CDF2FCA26CAA74A00B4291C /* Resources */ = {
			isa = PBXResourcesBuildPhase;
			buildActionMask = 2147483647;
			files = (
			);
			runOnlyForDeploymentPostprocessing = 0;
		};
/* End PBXResourcesBuildPhase section */

/* Begin PBXShellScriptBuildPhase section */
		0083B1EEFF2B220FDB7A6E3E /* [CP] Embed Pods Frameworks */ = {
			isa = PBXShellScriptBuildPhase;
			buildActionMask = 2147483647;
			files = (
			);
			inputFileListPaths = (
				"${PODS_ROOT}/Target Support Files/Pods-Firebase-count-Firebase-countUITests/Pods-Firebase-count-Firebase-countUITests-frameworks-${CONFIGURATION}-input-files.xcfilelist",
			);
			name = "[CP] Embed Pods Frameworks";
			outputFileListPaths = (
				"${PODS_ROOT}/Target Support Files/Pods-Firebase-count-Firebase-countUITests/Pods-Firebase-count-Firebase-countUITests-frameworks-${CONFIGURATION}-output-files.xcfilelist",
			);
			runOnlyForDeploymentPostprocessing = 0;
			shellPath = /bin/sh;
			shellScript = "\"${PODS_ROOT}/Target Support Files/Pods-Firebase-count-Firebase-countUITests/Pods-Firebase-count-Firebase-countUITests-frameworks.sh\"\n";
			showEnvVarsInLog = 0;
		};
		30B8802C9AB797C241441191 /* [CP] Check Pods Manifest.lock */ = {
			isa = PBXShellScriptBuildPhase;
			buildActionMask = 2147483647;
			files = (
			);
			inputFileListPaths = (
			);
			inputPaths = (
				"${PODS_PODFILE_DIR_PATH}/Podfile.lock",
				"${PODS_ROOT}/Manifest.lock",
			);
			name = "[CP] Check Pods Manifest.lock";
			outputFileListPaths = (
			);
			outputPaths = (
				"$(DERIVED_FILE_DIR)/Pods-Firebase-count-checkManifestLockResult.txt",
			);
			runOnlyForDeploymentPostprocessing = 0;
			shellPath = /bin/sh;
			shellScript = "diff \"${PODS_PODFILE_DIR_PATH}/Podfile.lock\" \"${PODS_ROOT}/Manifest.lock\" > /dev/null\nif [ $? != 0 ] ; then\n    # print error to STDERR\n    echo \"error: The sandbox is not in sync with the Podfile.lock. Run 'pod install' or update your CocoaPods installation.\" >&2\n    exit 1\nfi\n# This output is used by Xcode 'outputs' to avoid re-running this script phase.\necho \"SUCCESS\" > \"${SCRIPT_OUTPUT_FILE_0}\"\n";
			showEnvVarsInLog = 0;
		};
		3E47E3AE66CB070DEB0D13F4 /* [CP] Embed Pods Frameworks */ = {
			isa = PBXShellScriptBuildPhase;
			buildActionMask = 2147483647;
			files = (
			);
			inputFileListPaths = (
				"${PODS_ROOT}/Target Support Files/Pods-Firebase-count/Pods-Firebase-count-frameworks-${CONFIGURATION}-input-files.xcfilelist",
			);
			name = "[CP] Embed Pods Frameworks";
			outputFileListPaths = (
				"${PODS_ROOT}/Target Support Files/Pods-Firebase-count/Pods-Firebase-count-frameworks-${CONFIGURATION}-output-files.xcfilelist",
			);
			runOnlyForDeploymentPostprocessing = 0;
			shellPath = /bin/sh;
			shellScript = "\"${PODS_ROOT}/Target Support Files/Pods-Firebase-count/Pods-Firebase-count-frameworks.sh\"\n";
			showEnvVarsInLog = 0;
		};
		5A729A929B8FB6C8273F74B1 /* [CP] Check Pods Manifest.lock */ = {
			isa = PBXShellScriptBuildPhase;
			buildActionMask = 2147483647;
			files = (
			);
			inputFileListPaths = (
			);
			inputPaths = (
				"${PODS_PODFILE_DIR_PATH}/Podfile.lock",
				"${PODS_ROOT}/Manifest.lock",
			);
			name = "[CP] Check Pods Manifest.lock";
			outputFileListPaths = (
			);
			outputPaths = (
				"$(DERIVED_FILE_DIR)/Pods-Firebase-count-Firebase-countUITests-checkManifestLockResult.txt",
			);
			runOnlyForDeploymentPostprocessing = 0;
			shellPath = /bin/sh;
			shellScript = "diff \"${PODS_PODFILE_DIR_PATH}/Podfile.lock\" \"${PODS_ROOT}/Manifest.lock\" > /dev/null\nif [ $? != 0 ] ; then\n    # print error to STDERR\n    echo \"error: The sandbox is not in sync with the Podfile.lock. Run 'pod install' or update your CocoaPods installation.\" >&2\n    exit 1\nfi\n# This output is used by Xcode 'outputs' to avoid re-running this script phase.\necho \"SUCCESS\" > \"${SCRIPT_OUTPUT_FILE_0}\"\n";
			showEnvVarsInLog = 0;
		};
		D086B424F1CA76E472616C28 /* [CP] Check Pods Manifest.lock */ = {
			isa = PBXShellScriptBuildPhase;
			buildActionMask = 2147483647;
			files = (
			);
			inputFileListPaths = (
			);
			inputPaths = (
				"${PODS_PODFILE_DIR_PATH}/Podfile.lock",
				"${PODS_ROOT}/Manifest.lock",
			);
			name = "[CP] Check Pods Manifest.lock";
			outputFileListPaths = (
			);
			outputPaths = (
				"$(DERIVED_FILE_DIR)/Pods-Firebase-countTests-checkManifestLockResult.txt",
			);
			runOnlyForDeploymentPostprocessing = 0;
			shellPath = /bin/sh;
			shellScript = "diff \"${PODS_PODFILE_DIR_PATH}/Podfile.lock\" \"${PODS_ROOT}/Manifest.lock\" > /dev/null\nif [ $? != 0 ] ; then\n    # print error to STDERR\n    echo \"error: The sandbox is not in sync with the Podfile.lock. Run 'pod install' or update your CocoaPods installation.\" >&2\n    exit 1\nfi\n# This output is used by Xcode 'outputs' to avoid re-running this script phase.\necho \"SUCCESS\" > \"${SCRIPT_OUTPUT_FILE_0}\"\n";
			showEnvVarsInLog = 0;
		};
/* End PBXShellScriptBuildPhase section */

/* Begin PBXSourcesBuildPhase section */
		2CDF2FA726CAA74600B4291C /* Sources */ = {
			isa = PBXSourcesBuildPhase;
			buildActionMask = 2147483647;
			files = (
				2CDF2FB326CAA74600B4291C /* ViewController.swift in Sources */,
				2CDF2FAF26CAA74600B4291C /* AppDelegate.swift in Sources */,
				2CDF2FB126CAA74600B4291C /* SceneDelegate.swift in Sources */,
			);
			runOnlyForDeploymentPostprocessing = 0;
		};
		2CDF2FBD26CAA74A00B4291C /* Sources */ = {
			isa = PBXSourcesBuildPhase;
			buildActionMask = 2147483647;
			files = (
				2CDF2FC626CAA74A00B4291C /* Firebase_countTests.swift in Sources */,
			);
			runOnlyForDeploymentPostprocessing = 0;
		};
		2CDF2FC826CAA74A00B4291C /* Sources */ = {
			isa = PBXSourcesBuildPhase;
			buildActionMask = 2147483647;
			files = (
				2CDF2FD126CAA74A00B4291C /* Firebase_countUITests.swift in Sources */,
			);
			runOnlyForDeploymentPostprocessing = 0;
		};
/* End PBXSourcesBuildPhase section */

/* Begin PBXTargetDependency section */
		2CDF2FC326CAA74A00B4291C /* PBXTargetDependency */ = {
			isa = PBXTargetDependency;
			target = 2CDF2FAA26CAA74600B4291C /* Firebase-count */;
			targetProxy = 2CDF2FC226CAA74A00B4291C /* PBXContainerItemProxy */;
		};
		2CDF2FCE26CAA74A00B4291C /* PBXTargetDependency */ = {
			isa = PBXTargetDependency;
			target = 2CDF2FAA26CAA74600B4291C /* Firebase-count */;
			targetProxy = 2CDF2FCD26CAA74A00B4291C /* PBXContainerItemProxy */;
		};
/* End PBXTargetDependency section */

/* Begin PBXVariantGroup section */
		2CDF2FB426CAA74600B4291C /* Main.storyboard */ = {
			isa = PBXVariantGroup;
			children = (
				2CDF2FB526CAA74600B4291C /* Base */,
			);
			name = Main.storyboard;
			sourceTree = "<group>";
		};
		2CDF2FB926CAA74900B4291C /* LaunchScreen.storyboard */ = {
			isa = PBXVariantGroup;
			children = (
				2CDF2FBA26CAA74900B4291C /* Base */,
			);
			name = LaunchScreen.storyboard;
			sourceTree = "<group>";
		};
/* End PBXVariantGroup section */

/* Begin XCBuildConfiguration section */
		2CDF2FD326CAA74A00B4291C /* Debug */ = {
			isa = XCBuildConfiguration;
			buildSettings = {
				ALWAYS_SEARCH_USER_PATHS = NO;
				CLANG_ANALYZER_NONNULL = YES;
				CLANG_ANALYZER_NUMBER_OBJECT_CONVERSION = YES_AGGRESSIVE;
				CLANG_CXX_LANGUAGE_STANDARD = "gnu++14";
				CLANG_CXX_LIBRARY = "libc++";
				CLANG_ENABLE_MODULES = YES;
				CLANG_ENABLE_OBJC_ARC = YES;
				CLANG_ENABLE_OBJC_WEAK = YES;
				CLANG_WARN_BLOCK_CAPTURE_AUTORELEASING = YES;
				CLANG_WARN_BOOL_CONVERSION = YES;
				CLANG_WARN_COMMA = YES;
				CLANG_WARN_CONSTANT_CONVERSION = YES;
				CLANG_WARN_DEPRECATED_OBJC_IMPLEMENTATIONS = YES;
				CLANG_WARN_DIRECT_OBJC_ISA_USAGE = YES_ERROR;
				CLANG_WARN_DOCUMENTATION_COMMENTS = YES;
				CLANG_WARN_EMPTY_BODY = YES;
				CLANG_WARN_ENUM_CONVERSION = YES;
				CLANG_WARN_INFINITE_RECURSION = YES;
				CLANG_WARN_INT_CONVERSION = YES;
				CLANG_WARN_NON_LITERAL_NULL_CONVERSION = YES;
				CLANG_WARN_OBJC_IMPLICIT_RETAIN_SELF = YES;
				CLANG_WARN_OBJC_LITERAL_CONVERSION = YES;
				CLANG_WARN_OBJC_ROOT_CLASS = YES_ERROR;
				CLANG_WARN_QUOTED_INCLUDE_IN_FRAMEWORK_HEADER = YES;
				CLANG_WARN_RANGE_LOOP_ANALYSIS = YES;
				CLANG_WARN_STRICT_PROTOTYPES = YES;
				CLANG_WARN_SUSPICIOUS_MOVE = YES;
				CLANG_WARN_UNGUARDED_AVAILABILITY = YES_AGGRESSIVE;
				CLANG_WARN_UNREACHABLE_CODE = YES;
				CLANG_WARN__DUPLICATE_METHOD_MATCH = YES;
				COPY_PHASE_STRIP = NO;
				DEBUG_INFORMATION_FORMAT = dwarf;
				ENABLE_STRICT_OBJC_MSGSEND = YES;
				ENABLE_TESTABILITY = YES;
				GCC_C_LANGUAGE_STANDARD = gnu11;
				GCC_DYNAMIC_NO_PIC = NO;
				GCC_NO_COMMON_BLOCKS = YES;
				GCC_OPTIMIZATION_LEVEL = 0;
				GCC_PREPROCESSOR_DEFINITIONS = (
					"DEBUG=1",
					"$(inherited)",
				);
				GCC_WARN_64_TO_32_BIT_CONVERSION = YES;
				GCC_WARN_ABOUT_RETURN_TYPE = YES_ERROR;
				GCC_WARN_UNDECLARED_SELECTOR = YES;
				GCC_WARN_UNINITIALIZED_AUTOS = YES_AGGRESSIVE;
				GCC_WARN_UNUSED_FUNCTION = YES;
				GCC_WARN_UNUSED_VARIABLE = YES;
				IPHONEOS_DEPLOYMENT_TARGET = 13.2;
				MTL_ENABLE_DEBUG_INFO = INCLUDE_SOURCE;
				MTL_FAST_MATH = YES;
				ONLY_ACTIVE_ARCH = YES;
				SDKROOT = iphoneos;
				SWIFT_ACTIVE_COMPILATION_CONDITIONS = DEBUG;
				SWIFT_OPTIMIZATION_LEVEL = "-Onone";
			};
			name = Debug;
		};
		2CDF2FD426CAA74A00B4291C /* Release */ = {
			isa = XCBuildConfiguration;
			buildSettings = {
				ALWAYS_SEARCH_USER_PATHS = NO;
				CLANG_ANALYZER_NONNULL = YES;
				CLANG_ANALYZER_NUMBER_OBJECT_CONVERSION = YES_AGGRESSIVE;
				CLANG_CXX_LANGUAGE_STANDARD = "gnu++14";
				CLANG_CXX_LIBRARY = "libc++";
				CLANG_ENABLE_MODULES = YES;
				CLANG_ENABLE_OBJC_ARC = YES;
				CLANG_ENABLE_OBJC_WEAK = YES;
				CLANG_WARN_BLOCK_CAPTURE_AUTORELEASING = YES;
				CLANG_WARN_BOOL_CONVERSION = YES;
				CLANG_WARN_COMMA = YES;
				CLANG_WARN_CONSTANT_CONVERSION = YES;
				CLANG_WARN_DEPRECATED_OBJC_IMPLEMENTATIONS = YES;
				CLANG_WARN_DIRECT_OBJC_ISA_USAGE = YES_ERROR;
				CLANG_WARN_DOCUMENTATION_COMMENTS = YES;
				CLANG_WARN_EMPTY_BODY = YES;
				CLANG_WARN_ENUM_CONVERSION = YES;
				CLANG_WARN_INFINITE_RECURSION = YES;
				CLANG_WARN_INT_CONVERSION = YES;
				CLANG_WARN_NON_LITERAL_NULL_CONVERSION = YES;
				CLANG_WARN_OBJC_IMPLICIT_RETAIN_SELF = YES;
				CLANG_WARN_OBJC_LITERAL_CONVERSION = YES;
				CLANG_WARN_OBJC_ROOT_CLASS = YES_ERROR;
				CLANG_WARN_QUOTED_INCLUDE_IN_FRAMEWORK_HEADER = YES;
				CLANG_WARN_RANGE_LOOP_ANALYSIS = YES;
				CLANG_WARN_STRICT_PROTOTYPES = YES;
				CLANG_WARN_SUSPICIOUS_MOVE = YES;
				CLANG_WARN_UNGUARDED_AVAILABILITY = YES_AGGRESSIVE;
				CLANG_WARN_UNREACHABLE_CODE = YES;
				CLANG_WARN__DUPLICATE_METHOD_MATCH = YES;
				COPY_PHASE_STRIP = NO;
				DEBUG_INFORMATION_FORMAT = "dwarf-with-dsym";
				ENABLE_NS_ASSERTIONS = NO;
				ENABLE_STRICT_OBJC_MSGSEND = YES;
				GCC_C_LANGUAGE_STANDARD = gnu11;
				GCC_NO_COMMON_BLOCKS = YES;
				GCC_WARN_64_TO_32_BIT_CONVERSION = YES;
				GCC_WARN_ABOUT_RETURN_TYPE = YES_ERROR;
				GCC_WARN_UNDECLARED_SELECTOR = YES;
				GCC_WARN_UNINITIALIZED_AUTOS = YES_AGGRESSIVE;
				GCC_WARN_UNUSED_FUNCTION = YES;
				GCC_WARN_UNUSED_VARIABLE = YES;
				IPHONEOS_DEPLOYMENT_TARGET = 13.2;
				MTL_ENABLE_DEBUG_INFO = NO;
				MTL_FAST_MATH = YES;
				SDKROOT = iphoneos;
				SWIFT_COMPILATION_MODE = wholemodule;
				SWIFT_OPTIMIZATION_LEVEL = "-O";
				VALIDATE_PRODUCT = YES;
			};
			name = Release;
		};
		2CDF2FD626CAA74A00B4291C /* Debug */ = {
			isa = XCBuildConfiguration;
			baseConfigurationReference = 80020F62B9F8464777745BD4 /* Pods-Firebase-count.debug.xcconfig */;
			buildSettings = {
				ASSETCATALOG_COMPILER_APPICON_NAME = AppIcon;
				ASSETCATALOG_COMPILER_GLOBAL_ACCENT_COLOR_NAME = AccentColor;
				CODE_SIGN_STYLE = Automatic;
				DEVELOPMENT_TEAM = VYY6NT3X7Q;
				INFOPLIST_FILE = "Firebase-count/Info.plist";
				LD_RUNPATH_SEARCH_PATHS = (
					"$(inherited)",
					"@executable_path/Frameworks",
				);
				PRODUCT_BUNDLE_IDENTIFIER = "app.akki.ito.Firebase-count";
				PRODUCT_NAME = "$(TARGET_NAME)";
				SWIFT_VERSION = 5.0;
				TARGETED_DEVICE_FAMILY = "1,2";
			};
			name = Debug;
		};
		2CDF2FD726CAA74A00B4291C /* Release */ = {
			isa = XCBuildConfiguration;
			baseConfigurationReference = 826B1EB2510FB6D1B4ECF9BE /* Pods-Firebase-count.release.xcconfig */;
			buildSettings = {
				ASSETCATALOG_COMPILER_APPICON_NAME = AppIcon;
				ASSETCATALOG_COMPILER_GLOBAL_ACCENT_COLOR_NAME = AccentColor;
				CODE_SIGN_STYLE = Automatic;
				DEVELOPMENT_TEAM = VYY6NT3X7Q;
				INFOPLIST_FILE = "Firebase-count/Info.plist";
				LD_RUNPATH_SEARCH_PATHS = (
					"$(inherited)",
					"@executable_path/Frameworks",
				);
				PRODUCT_BUNDLE_IDENTIFIER = "app.akki.ito.Firebase-count";
				PRODUCT_NAME = "$(TARGET_NAME)";
				SWIFT_VERSION = 5.0;
				TARGETED_DEVICE_FAMILY = "1,2";
			};
			name = Release;
		};
		2CDF2FD926CAA74A00B4291C /* Debug */ = {
			isa = XCBuildConfiguration;
			baseConfigurationReference = 8039819238FAE464A6BBB1E6 /* Pods-Firebase-countTests.debug.xcconfig */;
			buildSettings = {
				ALWAYS_EMBED_SWIFT_STANDARD_LIBRARIES = YES;
				BUNDLE_LOADER = "$(TEST_HOST)";
				CODE_SIGN_STYLE = Automatic;
				DEVELOPMENT_TEAM = VYY6NT3X7Q;
				INFOPLIST_FILE = "Firebase-countTests/Info.plist";
				IPHONEOS_DEPLOYMENT_TARGET = 14.5;
				LD_RUNPATH_SEARCH_PATHS = (
					"$(inherited)",
					"@executable_path/Frameworks",
					"@loader_path/Frameworks",
				);
				PRODUCT_BUNDLE_IDENTIFIER = "app.akki.ito.Firebase-countTests";
				PRODUCT_NAME = "$(TARGET_NAME)";
				SWIFT_VERSION = 5.0;
				TARGETED_DEVICE_FAMILY = "1,2";
				TEST_HOST = "$(BUILT_PRODUCTS_DIR)/Firebase-count.app/Firebase-count";
			};
			name = Debug;
		};
		2CDF2FDA26CAA74A00B4291C /* Release */ = {
			isa = XCBuildConfiguration;
			baseConfigurationReference = 5DF208CD2854352A648A0AF0 /* Pods-Firebase-countTests.release.xcconfig */;
			buildSettings = {
				ALWAYS_EMBED_SWIFT_STANDARD_LIBRARIES = YES;
				BUNDLE_LOADER = "$(TEST_HOST)";
				CODE_SIGN_STYLE = Automatic;
				DEVELOPMENT_TEAM = VYY6NT3X7Q;
				INFOPLIST_FILE = "Firebase-countTests/Info.plist";
				IPHONEOS_DEPLOYMENT_TARGET = 14.5;
				LD_RUNPATH_SEARCH_PATHS = (
					"$(inherited)",
					"@executable_path/Frameworks",
					"@loader_path/Frameworks",
				);
				PRODUCT_BUNDLE_IDENTIFIER = "app.akki.ito.Firebase-countTests";
				PRODUCT_NAME = "$(TARGET_NAME)";
				SWIFT_VERSION = 5.0;
				TARGETED_DEVICE_FAMILY = "1,2";
				TEST_HOST = "$(BUILT_PRODUCTS_DIR)/Firebase-count.app/Firebase-count";
			};
			name = Release;
		};
		2CDF2FDC26CAA74A00B4291C /* Debug */ = {
			isa = XCBuildConfiguration;
			baseConfigurationReference = 98B09A9D9E0D5B68CF024DB4 /* Pods-Firebase-count-Firebase-countUITests.debug.xcconfig */;
			buildSettings = {
				ALWAYS_EMBED_SWIFT_STANDARD_LIBRARIES = YES;
				CODE_SIGN_STYLE = Automatic;
				DEVELOPMENT_TEAM = VYY6NT3X7Q;
				INFOPLIST_FILE = "Firebase-countUITests/Info.plist";
				LD_RUNPATH_SEARCH_PATHS = (
					"$(inherited)",
					"@executable_path/Frameworks",
					"@loader_path/Frameworks",
				);
				PRODUCT_BUNDLE_IDENTIFIER = "app.akki.ito.Firebase-countUITests";
				PRODUCT_NAME = "$(TARGET_NAME)";
				SWIFT_VERSION = 5.0;
				TARGETED_DEVICE_FAMILY = "1,2";
				TEST_TARGET_NAME = "Firebase-count";
			};
			name = Debug;
		};
		2CDF2FDD26CAA74A00B4291C /* Release */ = {
			isa = XCBuildConfiguration;
			baseConfigurationReference = 3D66D752BA6D0E0C67B9408E /* Pods-Firebase-count-Firebase-countUITests.release.xcconfig */;
			buildSettings = {
				ALWAYS_EMBED_SWIFT_STANDARD_LIBRARIES = YES;
				CODE_SIGN_STYLE = Automatic;
				DEVELOPMENT_TEAM = VYY6NT3X7Q;
				INFOPLIST_FILE = "Firebase-countUITests/Info.plist";
				LD_RUNPATH_SEARCH_PATHS = (
					"$(inherited)",
					"@executable_path/Frameworks",
					"@loader_path/Frameworks",
				);
				PRODUCT_BUNDLE_IDENTIFIER = "app.akki.ito.Firebase-countUITests";
				PRODUCT_NAME = "$(TARGET_NAME)";
				SWIFT_VERSION = 5.0;
				TARGETED_DEVICE_FAMILY = "1,2";
				TEST_TARGET_NAME = "Firebase-count";
			};
			name = Release;
		};
/* End XCBuildConfiguration section */

/* Begin XCConfigurationList section */
		2CDF2FA626CAA74600B4291C /* Build configuration list for PBXProject "Firebase-count" */ = {
			isa = XCConfigurationList;
			buildConfigurations = (
				2CDF2FD326CAA74A00B4291C /* Debug */,
				2CDF2FD426CAA74A00B4291C /* Release */,
			);
			defaultConfigurationIsVisible = 0;
			defaultConfigurationName = Release;
		};
		2CDF2FD526CAA74A00B4291C /* Build configuration list for PBXNativeTarget "Firebase-count" */ = {
			isa = XCConfigurationList;
			buildConfigurations = (
				2CDF2FD626CAA74A00B4291C /* Debug */,
				2CDF2FD726CAA74A00B4291C /* Release */,
			);
			defaultConfigurationIsVisible = 0;
			defaultConfigurationName = Release;
		};
		2CDF2FD826CAA74A00B4291C /* Build configuration list for PBXNativeTarget "Firebase-countTests" */ = {
			isa = XCConfigurationList;
			buildConfigurations = (
				2CDF2FD926CAA74A00B4291C /* Debug */,
				2CDF2FDA26CAA74A00B4291C /* Release */,
			);
			defaultConfigurationIsVisible = 0;
			defaultConfigurationName = Release;
		};
		2CDF2FDB26CAA74A00B4291C /* Build configuration list for PBXNativeTarget "Firebase-countUITests" */ = {
			isa = XCConfigurationList;
			buildConfigurations = (
				2CDF2FDC26CAA74A00B4291C /* Debug */,
				2CDF2FDD26CAA74A00B4291C /* Release */,
			);
			defaultConfigurationIsVisible = 0;
			defaultConfigurationName = Release;
		};
/* End XCConfigurationList section */
	};
	rootObject = 2CDF2FA326CAA74600B4291C /* Project object */;
}
